using System;

namespace Excercise
{
    public class Car //Parent Class
    {
        public int Year { get; set; }
        public string Make { get; set; }
        public string Model { get; set; }


    }   

    public class RaceCar : Car
    {
        public string Sponsor { get; set; }
    }
    class Program
    {
        static void Main(string[] args)
        {
            var myCar = new Car();

            myCar.Year = 2014;
            myCar.Make = "Honda";
            myCar.Model = "Accord";

            var dreamCar = new RaceCar();
            dreamCar.Year = 1965;
            dreamCar.Make = "Ford";
            dreamCar.Model = "Mustang";
            dreamCar.Sponsor = "Coder Camps";

            Console.WriteLine("My Car: " + "{0} {1} {2}", myCar.Year, myCar.Make, myCar.Model);
            Console.WriteLine("Dream Car: " + "Year: {0}, Make: {1}, Model: {2}", dreamCar.Year, dreamCar.Make, dreamCar.Model);
            Console.ReadLine();
        }
    } 
}

